
Microsoft Visual Studio Solution File, Format Version 12.00
# Visual Studio 2017
Project("{FAE04EC0-301F-11D3-BF4B-00C04F79EFBC}") = "Grid System", "Grid System.csproj", "{1F341F51-D586-7912-3E1F-4FB643578743}"
EndProject
Project("{FAE04EC0-301F-11D3-BF4B-00C04F79EFBC}") = "Grid System", "Grid System.csproj", "{1F341F51-D586-7912-3E1F-4FB643578743}"
EndProject
Project("{FAE04EC0-301F-11D3-BF4B-00C04F79EFBC}") = "Grid System.Editor", "Grid System.Editor.csproj", "{58857872-94CD-26F1-0BD8-5476CBF3F37C}"
EndProject
Project("{FAE04EC0-301F-11D3-BF4B-00C04F79EFBC}") = "Grid System.Editor", "Grid System.Editor.csproj", "{58857872-94CD-26F1-0BD8-5476CBF3F37C}"
EndProject
Project("{FAE04EC0-301F-11D3-BF4B-00C04F79EFBC}") = "Grid System.Editor", "Grid System.Editor.csproj", "{58857872-94CD-26F1-0BD8-5476CBF3F37C}"
EndProject
Global
	GlobalSection(SolutionConfigurationPlatforms) = preSolution
		Debug|Any CPU = Debug|Any CPU
		Release|Any CPU = Release|Any CPU
	EndGlobalSection
	GlobalSection(ProjectConfigurationPlatforms) = postSolution
		{1F341F51-D586-7912-3E1F-4FB643578743}.Debug|Any CPU.ActiveCfg = Debug|Any CPU
		{1F341F51-D586-7912-3E1F-4FB643578743}.Debug|Any CPU.Build.0 = Debug|Any CPU
		{1F341F51-D586-7912-3E1F-4FB643578743}.Release|Any CPU.ActiveCfg = Release|Any CPU
		{1F341F51-D586-7912-3E1F-4FB643578743}.Release|Any CPU.Build.0 = Release|Any CPU
		{1F341F51-D586-7912-3E1F-4FB643578743}.Debug|Any CPU.ActiveCfg = Debug|Any CPU
		{1F341F51-D586-7912-3E1F-4FB643578743}.Debug|Any CPU.Build.0 = Debug|Any CPU
		{1F341F51-D586-7912-3E1F-4FB643578743}.Release|Any CPU.ActiveCfg = Release|Any CPU
		{1F341F51-D586-7912-3E1F-4FB643578743}.Release|Any CPU.Build.0 = Release|Any CPU
		{58857872-94CD-26F1-0BD8-5476CBF3F37C}.Debug|Any CPU.ActiveCfg = Debug|Any CPU
		{58857872-94CD-26F1-0BD8-5476CBF3F37C}.Debug|Any CPU.Build.0 = Debug|Any CPU
		{58857872-94CD-26F1-0BD8-5476CBF3F37C}.Release|Any CPU.ActiveCfg = Release|Any CPU
		{58857872-94CD-26F1-0BD8-5476CBF3F37C}.Release|Any CPU.Build.0 = Release|Any CPU
		{58857872-94CD-26F1-0BD8-5476CBF3F37C}.Debug|Any CPU.ActiveCfg = Debug|Any CPU
		{58857872-94CD-26F1-0BD8-5476CBF3F37C}.Debug|Any CPU.Build.0 = Debug|Any CPU
		{58857872-94CD-26F1-0BD8-5476CBF3F37C}.Release|Any CPU.ActiveCfg = Release|Any CPU
		{58857872-94CD-26F1-0BD8-5476CBF3F37C}.Release|Any CPU.Build.0 = Release|Any CPU
		{58857872-94CD-26F1-0BD8-5476CBF3F37C}.Debug|Any CPU.ActiveCfg = Debug|Any CPU
		{58857872-94CD-26F1-0BD8-5476CBF3F37C}.Debug|Any CPU.Build.0 = Debug|Any CPU
		{58857872-94CD-26F1-0BD8-5476CBF3F37C}.Release|Any CPU.ActiveCfg = Release|Any CPU
		{58857872-94CD-26F1-0BD8-5476CBF3F37C}.Release|Any CPU.Build.0 = Release|Any CPU
	EndGlobalSection
	GlobalSection(SolutionProperties) = preSolution
		HideSolutionNode = FALSE
	EndGlobalSection
EndGlobal
